<Solution>
  <Folder Name="/test/">
    <Project Path="test/BarTabTracker.Tests/BarTabTracker.Tests.csproj" />
  </Folder>
  <Project Path="src/BarTabTracker.AppHost/BarTabTracker.AppHost.csproj" />
  <Project Path="src/BarTabTracker.Server/BarTabTracker.Server.csproj" />
  <Project Path="src/frontend/frontend.esproj">
    <Build />
  </Project>
</Solution>
